// !$*UTF8*$!
{
	archiveVersion = 1;
	classes = {
	};
	objectVersion = 50;
	objects = {

/* Begin PBXBuildFile section */
		3C7CCC18BA14B6BF9A80775F /* Pods_CaluclatorApp.framework in Frameworks */ = {isa = PBXBuildFile; fileRef = 6BA7E0AF38C73F26BA2931CC /* Pods_CaluclatorApp.framework */; };
		E94DE63724A63932008509DB /* AppDelegate.swift in Sources */ = {isa = PBXBuildFile; fileRef = E94DE63624A63932008509DB /* AppDelegate.swift */; };
		E94DE63924A63932008509DB /* ViewController.swift in Sources */ = {isa = PBXBuildFile; fileRef = E94DE63824A63932008509DB /* ViewController.swift */; };
		E94DE63C24A63932008509DB /* Main.storyboard in Resources */ = {isa = PBXBuildFile; fileRef = E94DE63A24A63932008509DB /* Main.storyboard */; };
		E94DE63E24A63936008509DB /* Assets.xcassets in Resources */ = {isa = PBXBuildFile; fileRef = E94DE63D24A63936008509DB /* Assets.xcassets */; };
		E94DE64124A63936008509DB /* LaunchScreen.storyboard in Resources */ = {isa = PBXBuildFile; fileRef = E94DE63F24A63936008509DB /* LaunchScreen.storyboard */; };
/* End PBXBuildFile section */

/* Begin PBXFileReference section */
		21C4D8001668CAFAE165DAF7 /* Pods-CaluclatorApp.release.xcconfig */ = {isa = PBXFileReference; includeInIndex = 1; lastKnownFileType = text.xcconfig; name = "Pods-CaluclatorApp.release.xcconfig"; path = "Target Support Files/Pods-CaluclatorApp/Pods-CaluclatorApp.release.xcconfig"; sourceTree = "<group>"; };
		6BA7E0AF38C73F26BA2931CC /* Pods_CaluclatorApp.framework */ = {isa = PBXFileReference; explicitFileType = wrapper.framework; includeInIndex = 0; path = Pods_CaluclatorApp.framework; sourceTree = BUILT_PRODUCTS_DIR; };
		E7119BD7C083EE0B562C4CA5 /* Pods-CaluclatorApp.debug.xcconfig */ = {isa = PBXFileReference; includeInIndex = 1; lastKnownFileType = text.xcconfig; name = "Pods-CaluclatorApp.debug.xcconfig"; path = "Target Support Files/Pods-CaluclatorApp/Pods-CaluclatorApp.debug.xcconfig"; sourceTree = "<group>"; };
		E94DE63324A63931008509DB /* CaluclatorApp.app */ = {isa = PBXFileReference; explicitFileType = wrapper.application; includeInIndex = 0; path = CaluclatorApp.app; sourceTree = BUILT_PRODUCTS_DIR; };
		E94DE63624A63932008509DB /* AppDelegate.swift */ = {isa = PBXFileReference; lastKnownFileType = sourcecode.swift; path = AppDelegate.swift; sourceTree = "<group>"; };
		E94DE63824A63932008509DB /* ViewController.swift */ = {isa = PBXFileReference; lastKnownFileType = sourcecode.swift; path = ViewController.swift; sourceTree = "<group>"; };
		E94DE63B24A63932008509DB /* Base */ = {isa = PBXFileReference; lastKnownFileType = file.storyboard; name = Base; path = Base.lproj/Main.storyboard; sourceTree = "<group>"; };
		E94DE63D24A63936008509DB /* Assets.xcassets */ = {isa = PBXFileReference; lastKnownFileType = folder.assetcatalog; path = Assets.xcassets; sourceTree = "<group>"; };
		E94DE64024A63936008509DB /* Base */ = {isa = PBXFileReference; lastKnownFileType = file.storyboard; name = Base; path = Base.lproj/LaunchScreen.storyboard; sourceTree = "<group>"; };
		E94DE64224A63936008509DB /* Info.plist */ = {isa = PBXFileReference; lastKnownFileType = text.plist.xml; path = Info.plist; sourceTree = "<group>"; };
/* End PBXFileReference section */

/* Begin PBXFrameworksBuildPhase section */
		E94DE63024A63931008509DB /* Frameworks */ = {
			isa = PBXFrameworksBuildPhase;
			buildActionMask = 2147483647;
			files = (
				3C7CCC18BA14B6BF9A80775F /* Pods_CaluclatorApp.framework in Frameworks */,
			);
			runOnlyForDeploymentPostprocessing = 0;
		};
/* End PBXFrameworksBuildPhase section */

/* Begin PBXGroup section */
		7046AE301F4480243E589C85 /* Pods */ = {
			isa = PBXGroup;
			children = (
				E7119BD7C083EE0B562C4CA5 /* Pods-CaluclatorApp.debug.xcconfig */,
				21C4D8001668CAFAE165DAF7 /* Pods-CaluclatorApp.release.xcconfig */,
			);
			name = Pods;
			path = Pods;
			sourceTree = "<group>";
		};
		80007E5AB27DDFB735ABFAC8 /* Frameworks */ = {
			isa = PBXGroup;
			children = (
				6BA7E0AF38C73F26BA2931CC /* Pods_CaluclatorApp.framework */,
			);
			name = Frameworks;
			sourceTree = "<group>";
		};
		E94DE62A24A63931008509DB = {
			isa = PBXGroup;
			children = (
				E94DE63524A63931008509DB /* CaluclatorApp */,
				E94DE63424A63931008509DB /* Products */,
				7046AE301F4480243E589C85 /* Pods */,
				80007E5AB27DDFB735ABFAC8 /* Frameworks */,
			);
			sourceTree = "<group>";
		};
		E94DE63424A63931008509DB /* Products */ = {
			isa = PBXGroup;
			children = (
				E94DE63324A63931008509DB /* CaluclatorApp.app */,
			);
			name = Products;
			sourceTree = "<group>";
		};
		E94DE63524A63931008509DB /* CaluclatorApp */ = {
			isa = PBXGroup;
			children = (
				E94DE63624A63932008509DB /* AppDelegate.swift */,
				E94DE63824A63932008509DB /* ViewController.swift */,
				E94DE63A24A63932008509DB /* Main.storyboard */,
				E94DE63D24A63936008509DB /* Assets.xcassets */,
				E94DE63F24A63936008509DB /* LaunchScreen.storyboard */,
				E94DE64224A63936008509DB /* Info.plist */,
			);
			path = CaluclatorApp;
			sourceTree = "<group>";
		};
/* End PBXGroup section */

/* Begin PBXNativeTarget section */
		E94DE63224A63931008509DB /* CaluclatorApp */ = {
			isa = PBXNativeTarget;
			buildConfigurationList = E94DE64524A63936008509DB /* Build configuration list for PBXNativeTarget "CaluclatorApp" */;
			buildPhases = (
				DEC217900D7BE6D750F5EF29 /* [CP] Check Pods Manifest.lock */,
				E94DE62F24A63931008509DB /* Sources */,
				E94DE63024A63931008509DB /* Frameworks */,
				E94DE63124A63931008509DB /* Resources */,
				30A9F7B1989CF3D20DAF13B6 /* [CP] Embed Pods Frameworks */,
			);
			buildRules = (
			);
			dependencies = (
			);
			name = CaluclatorApp;
			productName = CaluclatorApp;
			productReference = E94DE63324A63931008509DB /* CaluclatorApp.app */;
			productType = "com.apple.product-type.application";
		};
/* End PBXNativeTarget section */

/* Begin PBXProject section */
		E94DE62B24A63931008509DB /* Project object */ = {
			isa = PBXProject;
			attributes = {
				LastSwiftUpdateCheck = 0940;
				LastUpgradeCheck = 0940;
				ORGANIZATIONNAME = KentaNiki;
				TargetAttributes = {
					E94DE63224A63931008509DB = {
						CreatedOnToolsVersion = 9.4.1;
					};
				};
			};
			buildConfigurationList = E94DE62E24A63931008509DB /* Build configuration list for PBXProject "CaluclatorApp" */;
			compatibilityVersion = "Xcode 9.3";
			developmentRegion = en;
			hasScannedForEncodings = 0;
			knownRegions = (
				en,
				Base,
			);
			mainGroup = E94DE62A24A63931008509DB;
			productRefGroup = E94DE63424A63931008509DB /* Products */;
			projectDirPath = "";
			projectRoot = "";
			targets = (
				E94DE63224A63931008509DB /* CaluclatorApp */,
			);
		};
/* End PBXProject section */

/* Begin PBXResourcesBuildPhase section */
		E94DE63124A63931008509DB /* Resources */ = {
			isa = PBXResourcesBuildPhase;
			buildActionMask = 2147483647;
			files = (
				E94DE64124A63936008509DB /* LaunchScreen.storyboard in Resources */,
				E94DE63E24A63936008509DB /* Assets.xcassets in Resources */,
				E94DE63C24A63932008509DB /* Main.storyboard in Resources */,
			);
			runOnlyForDeploymentPostprocessing = 0;
		};
/* End PBXResourcesBuildPhase section */

/* Begin PBXShellScriptBuildPhase section */
		30A9F7B1989CF3D20DAF13B6 /* [CP] Embed Pods Frameworks */ = {
			isa = PBXShellScriptBuildPhase;
			buildActionMask = 2147483647;
			files = (
			);
			inputFileListPaths = (
				"${PODS_ROOT}/Target Support Files/Pods-CaluclatorApp/Pods-CaluclatorApp-frameworks-${CONFIGURATION}-input-files.xcfilelist",
			);
			name = "[CP] Embed Pods Frameworks";
			outputFileListPaths = (
				"${PODS_ROOT}/Target Support Files/Pods-CaluclatorApp/Pods-CaluclatorApp-frameworks-${CONFIGURATION}-output-files.xcfilelist",
			);
			runOnlyForDeploymentPostprocessing = 0;
			shellPath = /bin/sh;
			shellScript = "\"${PODS_ROOT}/Target Support Files/Pods-CaluclatorApp/Pods-CaluclatorApp-frameworks.sh\"\n";
			showEnvVarsInLog = 0;
		};
		DEC217900D7BE6D750F5EF29 /* [CP] Check Pods Manifest.lock */ = {
			isa = PBXShellScriptBuildPhase;
			buildActionMask = 2147483647;
			files = (
			);
			inputFileListPaths = (
			);
			inputPaths = (
				"${PODS_PODFILE_DIR_PATH}/Podfile.lock",
				"${PODS_ROOT}/Manifest.lock",
			);
			name = "[CP] Check Pods Manifest.lock";
			outputFileListPaths = (
			);
			outputPaths = (
				"$(DERIVED_FILE_DIR)/Pods-CaluclatorApp-checkManifestLockResult.txt",
			);
			runOnlyForDeploymentPostprocessing = 0;
			shellPath = /bin/sh;
			shellScript = "diff \"${PODS_PODFILE_DIR_PATH}/Podfile.lock\" \"${PODS_ROOT}/Manifest.lock\" > /dev/null\nif [ $? != 0 ] ; then\n    # print error to STDERR\n    echo \"error: The sandbox is not in sync with the Podfile.lock. Run 'pod install' or update your CocoaPods installation.\" >&2\n    exit 1\nfi\n# This output is used by Xcode 'outputs' to avoid re-running this script phase.\necho \"SUCCESS\" > \"${SCRIPT_OUTPUT_FILE_0}\"\n";
			showEnvVarsInLog = 0;
		};
/* End PBXShellScriptBuildPhase section */

/* Begin PBXSourcesBuildPhase section */
		E94DE62F24A63931008509DB /* Sources */ = {
			isa = PBXSourcesBuildPhase;
			buildActionMask = 2147483647;
			files = (
				E94DE63924A63932008509DB /* ViewController.swift in Sources */,
				E94DE63724A63932008509DB /* AppDelegate.swift in Sources */,
			);
			runOnlyForDeploymentPostprocessing = 0;
		};
/* End PBXSourcesBuildPhase section */

/* Begin PBXVariantGroup section */
		E94DE63A24A63932008509DB /* Main.storyboard */ = {
			isa = PBXVariantGroup;
			children = (
				E94DE63B24A63932008509DB /* Base */,
			);
			name = Main.storyboard;
			sourceTree = "<group>";
		};
		E94DE63F24A63936008509DB /* LaunchScreen.storyboard */ = {
			isa = PBXVariantGroup;
			children = (
				E94DE64024A63936008509DB /* Base */,
			);
			name = LaunchScreen.storyboard;
			sourceTree = "<group>";
		};
/* End PBXVariantGroup section */

/* Begin XCBuildConfiguration section */
		E94DE64324A63936008509DB /* Debug */ = {
			isa = XCBuildConfiguration;
			buildSettings = {
				ALWAYS_SEARCH_USER_PATHS = NO;
				CLANG_ANALYZER_NONNULL = YES;
				CLANG_ANALYZER_NUMBER_OBJECT_CONVERSION = YES_AGGRESSIVE;
				CLANG_CXX_LANGUAGE_STANDARD = "gnu++14";
				CLANG_CXX_LIBRARY = "libc++";
				CLANG_ENABLE_MODULES = YES;
				CLANG_ENABLE_OBJC_ARC = YES;
				CLANG_ENABLE_OBJC_WEAK = YES;
				CLANG_WARN_BLOCK_CAPTURE_AUTORELEASING = YES;
				CLANG_WARN_BOOL_CONVERSION = YES;
				CLANG_WARN_COMMA = YES;
				CLANG_WARN_CONSTANT_CONVERSION = YES;
				CLANG_WARN_DEPRECATED_OBJC_IMPLEMENTATIONS = YES;
				CLANG_WARN_DIRECT_OBJC_ISA_USAGE = YES_ERROR;
				CLANG_WARN_DOCUMENTATION_COMMENTS = YES;
				CLANG_WARN_EMPTY_BODY = YES;
				CLANG_WARN_ENUM_CONVERSION = YES;
				CLANG_WARN_INFINITE_RECURSION = YES;
				CLANG_WARN_INT_CONVERSION = YES;
				CLANG_WARN_NON_LITERAL_NULL_CONVERSION = YES;
				CLANG_WARN_OBJC_IMPLICIT_RETAIN_SELF = YES;
				CLANG_WARN_OBJC_LITERAL_CONVERSION = YES;
				CLANG_WARN_OBJC_ROOT_CLASS = YES_ERROR;
				CLANG_WARN_RANGE_LOOP_ANALYSIS = YES;
				CLANG_WARN_STRICT_PROTOTYPES = YES;
				CLANG_WARN_SUSPICIOUS_MOVE = YES;
				CLANG_WARN_UNGUARDED_AVAILABILITY = YES_AGGRESSIVE;
				CLANG_WARN_UNREACHABLE_CODE = YES;
				CLANG_WARN__DUPLICATE_METHOD_MATCH = YES;
				CODE_SIGN_IDENTITY = "iPhone Developer";
				COPY_PHASE_STRIP = NO;
				DEBUG_INFORMATION_FORMAT = dwarf;
				ENABLE_STRICT_OBJC_MSGSEND = YES;
				ENABLE_TESTABILITY = YES;
				GCC_C_LANGUAGE_STANDARD = gnu11;
				GCC_DYNAMIC_NO_PIC = NO;
				GCC_NO_COMMON_BLOCKS = YES;
				GCC_OPTIMIZATION_LEVEL = 0;
				GCC_PREPROCESSOR_DEFINITIONS = (
					"DEBUG=1",
					"$(inherited)",
				);
				GCC_WARN_64_TO_32_BIT_CONVERSION = YES;
				GCC_WARN_ABOUT_RETURN_TYPE = YES_ERROR;
				GCC_WARN_UNDECLARED_SELECTOR = YES;
				GCC_WARN_UNINITIALIZED_AUTOS = YES_AGGRESSIVE;
				GCC_WARN_UNUSED_FUNCTION = YES;
				GCC_WARN_UNUSED_VARIABLE = YES;
				IPHONEOS_DEPLOYMENT_TARGET = 11.4;
				MTL_ENABLE_DEBUG_INFO = YES;
				ONLY_ACTIVE_ARCH = YES;
				SDKROOT = iphoneos;
				SWIFT_ACTIVE_COMPILATION_CONDITIONS = DEBUG;
				SWIFT_OPTIMIZATION_LEVEL = "-Onone";
			};
			name = Debug;
		};
		E94DE64424A63936008509DB /* Release */ = {
			isa = XCBuildConfiguration;
			buildSettings = {
				ALWAYS_SEARCH_USER_PATHS = NO;
				CLANG_ANALYZER_NONNULL = YES;
				CLANG_ANALYZER_NUMBER_OBJECT_CONVERSION = YES_AGGRESSIVE;
				CLANG_CXX_LANGUAGE_STANDARD = "gnu++14";
				CLANG_CXX_LIBRARY = "libc++";
				CLANG_ENABLE_MODULES = YES;
				CLANG_ENABLE_OBJC_ARC = YES;
				CLANG_ENABLE_OBJC_WEAK = YES;
				CLANG_WARN_BLOCK_CAPTURE_AUTORELEASING = YES;
				CLANG_WARN_BOOL_CONVERSION = YES;
				CLANG_WARN_COMMA = YES;
				CLANG_WARN_CONSTANT_CONVERSION = YES;
				CLANG_WARN_DEPRECATED_OBJC_IMPLEMENTATIONS = YES;
				CLANG_WARN_DIRECT_OBJC_ISA_USAGE = YES_ERROR;
				CLANG_WARN_DOCUMENTATION_COMMENTS = YES;
				CLANG_WARN_EMPTY_BODY = YES;
				CLANG_WARN_ENUM_CONVERSION = YES;
				CLANG_WARN_INFINITE_RECURSION = YES;
				CLANG_WARN_INT_CONVERSION = YES;
				CLANG_WARN_NON_LITERAL_NULL_CONVERSION = YES;
				CLANG_WARN_OBJC_IMPLICIT_RETAIN_SELF = YES;
				CLANG_WARN_OBJC_LITERAL_CONVERSION = YES;
				CLANG_WARN_OBJC_ROOT_CLASS = YES_ERROR;
				CLANG_WARN_RANGE_LOOP_ANALYSIS = YES;
				CLANG_WARN_STRICT_PROTOTYPES = YES;
				CLANG_WARN_SUSPICIOUS_MOVE = YES;
				CLANG_WARN_UNGUARDED_AVAILABILITY = YES_AGGRESSIVE;
				CLANG_WARN_UNREACHABLE_CODE = YES;
				CLANG_WARN__DUPLICATE_METHOD_MATCH = YES;
				CODE_SIGN_IDENTITY = "iPhone Developer";
				COPY_PHASE_STRIP = NO;
				DEBUG_INFORMATION_FORMAT = "dwarf-with-dsym";
				ENABLE_NS_ASSERTIONS = NO;
				ENABLE_STRICT_OBJC_MSGSEND = YES;
				GCC_C_LANGUAGE_STANDARD = gnu11;
				GCC_NO_COMMON_BLOCKS = YES;
				GCC_WARN_64_TO_32_BIT_CONVERSION = YES;
				GCC_WARN_ABOUT_RETURN_TYPE = YES_ERROR;
				GCC_WARN_UNDECLARED_SELECTOR = YES;
				GCC_WARN_UNINITIALIZED_AUTOS = YES_AGGRESSIVE;
				GCC_WARN_UNUSED_FUNCTION = YES;
				GCC_WARN_UNUSED_VARIABLE = YES;
				IPHONEOS_DEPLOYMENT_TARGET = 11.4;
				MTL_ENABLE_DEBUG_INFO = NO;
				SDKROOT = iphoneos;
				SWIFT_COMPILATION_MODE = wholemodule;
				SWIFT_OPTIMIZATION_LEVEL = "-O";
				VALIDATE_PRODUCT = YES;
			};
			name = Release;
		};
		E94DE64624A63936008509DB /* Debug */ = {
			isa = XCBuildConfiguration;
			baseConfigurationReference = E7119BD7C083EE0B562C4CA5 /* Pods-CaluclatorApp.debug.xcconfig */;
			buildSettings = {
				ASSETCATALOG_COMPILER_APPICON_NAME = AppIcon;
				CODE_SIGN_STYLE = Automatic;
				INFOPLIST_FILE = CaluclatorApp/Info.plist;
				LD_RUNPATH_SEARCH_PATHS = (
					"$(inherited)",
					"@executable_path/Frameworks",
				);
				PRODUCT_BUNDLE_IDENTIFIER = com.kentaniki.CaluclatorApp;
				PRODUCT_NAME = "$(TARGET_NAME)";
				SWIFT_VERSION = 4.0;
				TARGETED_DEVICE_FAMILY = "1,2";
			};
			name = Debug;
		};
		E94DE64724A63936008509DB /* Release */ = {
			isa = XCBuildConfiguration;
			baseConfigurationReference = 21C4D8001668CAFAE165DAF7 /* Pods-CaluclatorApp.release.xcconfig */;
			buildSettings = {
				ASSETCATALOG_COMPILER_APPICON_NAME = AppIcon;
				CODE_SIGN_STYLE = Automatic;
				INFOPLIST_FILE = CaluclatorApp/Info.plist;
				LD_RUNPATH_SEARCH_PATHS = (
					"$(inherited)",
					"@executable_path/Frameworks",
				);
				PRODUCT_BUNDLE_IDENTIFIER = com.kentaniki.CaluclatorApp;
				PRODUCT_NAME = "$(TARGET_NAME)";
				SWIFT_VERSION = 4.0;
				TARGETED_DEVICE_FAMILY = "1,2";
			};
			name = Release;
		};
/* End XCBuildConfiguration section */

/* Begin XCConfigurationList section */
		E94DE62E24A63931008509DB /* Build configuration list for PBXProject "CaluclatorApp" */ = {
			isa = XCConfigurationList;
			buildConfigurations = (
				E94DE64324A63936008509DB /* Debug */,
				E94DE64424A63936008509DB /* Release */,
			);
			defaultConfigurationIsVisible = 0;
			defaultConfigurationName = Release;
		};
		E94DE64524A63936008509DB /* Build configuration list for PBXNativeTarget "CaluclatorApp" */ = {
			isa = XCConfigurationList;
			buildConfigurations = (
				E94DE64624A63936008509DB /* Debug */,
				E94DE64724A63936008509DB /* Release */,
			);
			defaultConfigurationIsVisible = 0;
			defaultConfigurationName = Release;
		};
/* End XCConfigurationList section */
	};
	rootObject = E94DE62B24A63931008509DB /* Project object */;
}
